
Microsoft Visual Studio Solution File, Format Version 12.00
# Visual Studio Version 16
VisualStudioVersion = 16.0.29609.76
MinimumVisualStudioVersion = 10.0.40219.1
Project("{9A19103F-16F7-4668-BE54-9A1E7A4F7556}") = "Logger", "Logger\Logger.csproj", "{D7542F6A-1E6A-4E98-9253-FB91C5A13FF6}"
EndProject
Project("{9A19103F-16F7-4668-BE54-9A1E7A4F7556}") = "TestConsole", "TestConsole\TestConsole.csproj", "{B3F4C85F-8076-461B-A1A7-75FAD453DF2C}"
EndProject
Global
	GlobalSection(SolutionConfigurationPlatforms) = preSolution
		Debug|Any CPU = Debug|Any CPU
		Debug|x64 = Debug|x64
		Release|Any CPU = Release|Any CPU
		Release|x64 = Release|x64
	EndGlobalSection
	GlobalSection(ProjectConfigurationPlatforms) = postSolution
		{D7542F6A-1E6A-4E98-9253-FB91C5A13FF6}.Debug|Any CPU.ActiveCfg = Debug|Any CPU
		{D7542F6A-1E6A-4E98-9253-FB91C5A13FF6}.Debug|Any CPU.Build.0 = Debug|Any CPU
		{D7542F6A-1E6A-4E98-9253-FB91C5A13FF6}.Debug|x64.ActiveCfg = Debug|x64
		{D7542F6A-1E6A-4E98-9253-FB91C5A13FF6}.Debug|x64.Build.0 = Debug|x64
		{D7542F6A-1E6A-4E98-9253-FB91C5A13FF6}.Release|Any CPU.ActiveCfg = Release|Any CPU
		{D7542F6A-1E6A-4E98-9253-FB91C5A13FF6}.Release|Any CPU.Build.0 = Release|Any CPU
		{D7542F6A-1E6A-4E98-9253-FB91C5A13FF6}.Release|x64.ActiveCfg = Release|x64
		{D7542F6A-1E6A-4E98-9253-FB91C5A13FF6}.Release|x64.Build.0 = Release|x64
		{B3F4C85F-8076-461B-A1A7-75FAD453DF2C}.Debug|Any CPU.ActiveCfg = Debug|Any CPU
		{B3F4C85F-8076-461B-A1A7-75FAD453DF2C}.Debug|Any CPU.Build.0 = Debug|Any CPU
		{B3F4C85F-8076-461B-A1A7-75FAD453DF2C}.Debug|x64.ActiveCfg = Debug|x64
		{B3F4C85F-8076-461B-A1A7-75FAD453DF2C}.Debug|x64.Build.0 = Debug|x64
		{B3F4C85F-8076-461B-A1A7-75FAD453DF2C}.Release|Any CPU.ActiveCfg = Release|Any CPU
		{B3F4C85F-8076-461B-A1A7-75FAD453DF2C}.Release|Any CPU.Build.0 = Release|Any CPU
		{B3F4C85F-8076-461B-A1A7-75FAD453DF2C}.Release|x64.ActiveCfg = Release|x64
		{B3F4C85F-8076-461B-A1A7-75FAD453DF2C}.Release|x64.Build.0 = Release|x64
	EndGlobalSection
	GlobalSection(SolutionProperties) = preSolution
		HideSolutionNode = FALSE
	EndGlobalSection
	GlobalSection(ExtensibilityGlobals) = postSolution
		SolutionGuid = {27D02D51-F5CC-4A50-B00D-09CFA9DED8CD}
	EndGlobalSection
EndGlobal
